
Microsoft Visual Studio Solution File, Format Version 12.00
# Visual Studio 14
VisualStudioVersion = 14.0.25123.0
MinimumVisualStudioVersion = 10.0.40219.1
Project("{FAE04EC0-301F-11D3-BF4B-00C04F79EFBC}") = "XamarinFormsTest.Droid", "XamarinFormsTest\XamarinFormsTest.Droid\XamarinFormsTest.Droid.csproj", "{34801030-7793-4A45-B7B3-16645916B141}"
EndProject
Project("{FAE04EC0-301F-11D3-BF4B-00C04F79EFBC}") = "XamarinFormsTest.iOS", "XamarinFormsTest\XamarinFormsTest.iOS\XamarinFormsTest.iOS.csproj", "{9822763C-525B-440E-941D-565FE79443F6}"
EndProject
Project("{FAE04EC0-301F-11D3-BF4B-00C04F79EFBC}") = "XamarinFormsTest.WinPhone", "XamarinFormsTest\XamarinFormsTest.WinPhone\XamarinFormsTest.WinPhone.csproj", "{3A235AFD-54BE-42DD-AB0D-BCA5A076C353}"
EndProject
Project("{FAE04EC0-301F-11D3-BF4B-00C04F79EFBC}") = "XamarinFormsTest.UWP", "XamarinFormsTest\XamarinFormsTest.UWP\XamarinFormsTest.UWP.csproj", "{1DB15462-AB0E-48E7-8EE8-D3883600FBE9}"
EndProject
Project("{FAE04EC0-301F-11D3-BF4B-00C04F79EFBC}") = "XamarinFormsTest.Windows", "XamarinFormsTest\XamarinFormsTest.Windows\XamarinFormsTest.Windows.csproj", "{649EA836-3071-4561-8F76-CE384C6C0E20}"
EndProject
Project("{FAE04EC0-301F-11D3-BF4B-00C04F79EFBC}") = "XamarinFormsTest", "XamarinFormsTest\XamarinFormsTest\XamarinFormsTest.csproj", "{9142FFC6-78CA-41CB-914C-814384C0DA76}"
EndProject
Project("{2150E333-8FDC-42A3-9474-1A3956D46DE8}") = "Solution Items", "Solution Items", "{93D3D333-93AA-4793-9484-A9548691C616}"
EndProject
Global
	GlobalSection(SolutionConfigurationPlatforms) = preSolution
		Ad-Hoc|Any CPU = Ad-Hoc|Any CPU
		Ad-Hoc|ARM = Ad-Hoc|ARM
		Ad-Hoc|iPhone = Ad-Hoc|iPhone
		Ad-Hoc|iPhoneSimulator = Ad-Hoc|iPhoneSimulator
		Ad-Hoc|x64 = Ad-Hoc|x64
		Ad-Hoc|x86 = Ad-Hoc|x86
		AppStore|Any CPU = AppStore|Any CPU
		AppStore|ARM = AppStore|ARM
		AppStore|iPhone = AppStore|iPhone
		AppStore|iPhoneSimulator = AppStore|iPhoneSimulator
		AppStore|x64 = AppStore|x64
		AppStore|x86 = AppStore|x86
		Debug|Any CPU = Debug|Any CPU
		Debug|ARM = Debug|ARM
		Debug|iPhone = Debug|iPhone
		Debug|iPhoneSimulator = Debug|iPhoneSimulator
		Debug|x64 = Debug|x64
		Debug|x86 = Debug|x86
		Release|Any CPU = Release|Any CPU
		Release|ARM = Release|ARM
		Release|iPhone = Release|iPhone
		Release|iPhoneSimulator = Release|iPhoneSimulator
		Release|x64 = Release|x64
		Release|x86 = Release|x86
	EndGlobalSection
	GlobalSection(ProjectConfigurationPlatforms) = postSolution
		{34801030-7793-4A45-B7B3-16645916B141}.Ad-Hoc|Any CPU.ActiveCfg = Release|Any CPU
		{34801030-7793-4A45-B7B3-16645916B141}.Ad-Hoc|Any CPU.Build.0 = Release|Any CPU
		{34801030-7793-4A45-B7B3-16645916B141}.Ad-Hoc|Any CPU.Deploy.0 = Release|Any CPU
		{34801030-7793-4A45-B7B3-16645916B141}.Ad-Hoc|ARM.ActiveCfg = Release|Any CPU
		{34801030-7793-4A45-B7B3-16645916B141}.Ad-Hoc|ARM.Build.0 = Release|Any CPU
		{34801030-7793-4A45-B7B3-16645916B141}.Ad-Hoc|ARM.Deploy.0 = Release|Any CPU
		{34801030-7793-4A45-B7B3-16645916B141}.Ad-Hoc|iPhone.ActiveCfg = Release|Any CPU
		{34801030-7793-4A45-B7B3-16645916B141}.Ad-Hoc|iPhone.Build.0 = Release|Any CPU
		{34801030-7793-4A45-B7B3-16645916B141}.Ad-Hoc|iPhone.Deploy.0 = Release|Any CPU
		{34801030-7793-4A45-B7B3-16645916B141}.Ad-Hoc|iPhoneSimulator.ActiveCfg = Release|Any CPU
		{34801030-7793-4A45-B7B3-16645916B141}.Ad-Hoc|iPhoneSimulator.Build.0 = Release|Any CPU
		{34801030-7793-4A45-B7B3-16645916B141}.Ad-Hoc|iPhoneSimulator.Deploy.0 = Release|Any CPU
		{34801030-7793-4A45-B7B3-16645916B141}.Ad-Hoc|x64.ActiveCfg = Release|Any CPU
		{34801030-7793-4A45-B7B3-16645916B141}.Ad-Hoc|x64.Build.0 = Release|Any CPU
		{34801030-7793-4A45-B7B3-16645916B141}.Ad-Hoc|x64.Deploy.0 = Release|Any CPU
		{34801030-7793-4A45-B7B3-16645916B141}.Ad-Hoc|x86.ActiveCfg = Release|Any CPU
		{34801030-7793-4A45-B7B3-16645916B141}.Ad-Hoc|x86.Build.0 = Release|Any CPU
		{34801030-7793-4A45-B7B3-16645916B141}.Ad-Hoc|x86.Deploy.0 = Release|Any CPU
		{34801030-7793-4A45-B7B3-16645916B141}.AppStore|Any CPU.ActiveCfg = Release|Any CPU
		{34801030-7793-4A45-B7B3-16645916B141}.AppStore|Any CPU.Build.0 = Release|Any CPU
		{34801030-7793-4A45-B7B3-16645916B141}.AppStore|Any CPU.Deploy.0 = Release|Any CPU
		{34801030-7793-4A45-B7B3-16645916B141}.AppStore|ARM.ActiveCfg = Release|Any CPU
		{34801030-7793-4A45-B7B3-16645916B141}.AppStore|ARM.Build.0 = Release|Any CPU
		{34801030-7793-4A45-B7B3-16645916B141}.AppStore|ARM.Deploy.0 = Release|Any CPU
		{34801030-7793-4A45-B7B3-16645916B141}.AppStore|iPhone.ActiveCfg = Release|Any CPU
		{34801030-7793-4A45-B7B3-16645916B141}.AppStore|iPhone.Build.0 = Release|Any CPU
		{34801030-7793-4A45-B7B3-16645916B141}.AppStore|iPhone.Deploy.0 = Release|Any CPU
		{34801030-7793-4A45-B7B3-16645916B141}.AppStore|iPhoneSimulator.ActiveCfg = Release|Any CPU
		{34801030-7793-4A45-B7B3-16645916B141}.AppStore|iPhoneSimulator.Build.0 = Release|Any CPU
		{34801030-7793-4A45-B7B3-16645916B141}.AppStore|iPhoneSimulator.Deploy.0 = Release|Any CPU
		{34801030-7793-4A45-B7B3-16645916B141}.AppStore|x64.ActiveCfg = Release|Any CPU
		{34801030-7793-4A45-B7B3-16645916B141}.AppStore|x64.Build.0 = Release|Any CPU
		{34801030-7793-4A45-B7B3-16645916B141}.AppStore|x64.Deploy.0 = Release|Any CPU
		{34801030-7793-4A45-B7B3-16645916B141}.AppStore|x86.ActiveCfg = Release|Any CPU
		{34801030-7793-4A45-B7B3-16645916B141}.AppStore|x86.Build.0 = Release|Any CPU
		{34801030-7793-4A45-B7B3-16645916B141}.AppStore|x86.Deploy.0 = Release|Any CPU
		{34801030-7793-4A45-B7B3-16645916B141}.Debug|Any CPU.ActiveCfg = Debug|Any CPU
		{34801030-7793-4A45-B7B3-16645916B141}.Debug|Any CPU.Build.0 = Debug|Any CPU
		{34801030-7793-4A45-B7B3-16645916B141}.Debug|Any CPU.Deploy.0 = Debug|Any CPU
		{34801030-7793-4A45-B7B3-16645916B141}.Debug|ARM.ActiveCfg = Debug|Any CPU
		{34801030-7793-4A45-B7B3-16645916B141}.Debug|ARM.Build.0 = Debug|Any CPU
		{34801030-7793-4A45-B7B3-16645916B141}.Debug|ARM.Deploy.0 = Debug|Any CPU
		{34801030-7793-4A45-B7B3-16645916B141}.Debug|iPhone.ActiveCfg = Debug|Any CPU
		{34801030-7793-4A45-B7B3-16645916B141}.Debug|iPhone.Build.0 = Debug|Any CPU
		{34801030-7793-4A45-B7B3-16645916B141}.Debug|iPhone.Deploy.0 = Debug|Any CPU
		{34801030-7793-4A45-B7B3-16645916B141}.Debug|iPhoneSimulator.ActiveCfg = Debug|Any CPU
		{34801030-7793-4A45-B7B3-16645916B141}.Debug|iPhoneSimulator.Build.0 = Debug|Any CPU
		{34801030-7793-4A45-B7B3-16645916B141}.Debug|iPhoneSimulator.Deploy.0 = Debug|Any CPU
		{34801030-7793-4A45-B7B3-16645916B141}.Debug|x64.ActiveCfg = Debug|Any CPU
		{34801030-7793-4A45-B7B3-16645916B141}.Debug|x64.Build.0 = Debug|Any CPU
		{34801030-7793-4A45-B7B3-16645916B141}.Debug|x64.Deploy.0 = Debug|Any CPU
		{34801030-7793-4A45-B7B3-16645916B141}.Debug|x86.ActiveCfg = Debug|Any CPU
		{34801030-7793-4A45-B7B3-16645916B141}.Debug|x86.Build.0 = Debug|Any CPU
		{34801030-7793-4A45-B7B3-16645916B141}.Debug|x86.Deploy.0 = Debug|Any CPU
		{34801030-7793-4A45-B7B3-16645916B141}.Release|Any CPU.ActiveCfg = Release|Any CPU
		{34801030-7793-4A45-B7B3-16645916B141}.Release|Any CPU.Build.0 = Release|Any CPU
		{34801030-7793-4A45-B7B3-16645916B141}.Release|Any CPU.Deploy.0 = Release|Any CPU
		{34801030-7793-4A45-B7B3-16645916B141}.Release|ARM.ActiveCfg = Release|Any CPU
		{34801030-7793-4A45-B7B3-16645916B141}.Release|ARM.Build.0 = Release|Any CPU
		{34801030-7793-4A45-B7B3-16645916B141}.Release|ARM.Deploy.0 = Release|Any CPU
		{34801030-7793-4A45-B7B3-16645916B141}.Release|iPhone.ActiveCfg = Release|Any CPU
		{34801030-7793-4A45-B7B3-16645916B141}.Release|iPhone.Build.0 = Release|Any CPU
		{34801030-7793-4A45-B7B3-16645916B141}.Release|iPhone.Deploy.0 = Release|Any CPU
		{34801030-7793-4A45-B7B3-16645916B141}.Release|iPhoneSimulator.ActiveCfg = Release|Any CPU
		{34801030-7793-4A45-B7B3-16645916B141}.Release|iPhoneSimulator.Build.0 = Release|Any CPU
		{34801030-7793-4A45-B7B3-16645916B141}.Release|iPhoneSimulator.Deploy.0 = Release|Any CPU
		{34801030-7793-4A45-B7B3-16645916B141}.Release|x64.ActiveCfg = Release|Any CPU
		{34801030-7793-4A45-B7B3-16645916B141}.Release|x64.Build.0 = Release|Any CPU
		{34801030-7793-4A45-B7B3-16645916B141}.Release|x64.Deploy.0 = Release|Any CPU
		{34801030-7793-4A45-B7B3-16645916B141}.Release|x86.ActiveCfg = Release|Any CPU
		{34801030-7793-4A45-B7B3-16645916B141}.Release|x86.Build.0 = Release|Any CPU
		{34801030-7793-4A45-B7B3-16645916B141}.Release|x86.Deploy.0 = Release|Any CPU
		{9822763C-525B-440E-941D-565FE79443F6}.Ad-Hoc|Any CPU.ActiveCfg = Ad-Hoc|iPhone
		{9822763C-525B-440E-941D-565FE79443F6}.Ad-Hoc|ARM.ActiveCfg = Ad-Hoc|iPhone
		{9822763C-525B-440E-941D-565FE79443F6}.Ad-Hoc|iPhone.ActiveCfg = Ad-Hoc|iPhone
		{9822763C-525B-440E-941D-565FE79443F6}.Ad-Hoc|iPhone.Build.0 = Ad-Hoc|iPhone
		{9822763C-525B-440E-941D-565FE79443F6}.Ad-Hoc|iPhoneSimulator.ActiveCfg = Ad-Hoc|iPhoneSimulator
		{9822763C-525B-440E-941D-565FE79443F6}.Ad-Hoc|iPhoneSimulator.Build.0 = Ad-Hoc|iPhoneSimulator
		{9822763C-525B-440E-941D-565FE79443F6}.Ad-Hoc|x64.ActiveCfg = Ad-Hoc|iPhone
		{9822763C-525B-440E-941D-565FE79443F6}.Ad-Hoc|x86.ActiveCfg = Ad-Hoc|iPhone
		{9822763C-525B-440E-941D-565FE79443F6}.AppStore|Any CPU.ActiveCfg = AppStore|iPhone
		{9822763C-525B-440E-941D-565FE79443F6}.AppStore|ARM.ActiveCfg = AppStore|iPhone
		{9822763C-525B-440E-941D-565FE79443F6}.AppStore|iPhone.ActiveCfg = AppStore|iPhone
		{9822763C-525B-440E-941D-565FE79443F6}.AppStore|iPhone.Build.0 = AppStore|iPhone
		{9822763C-525B-440E-941D-565FE79443F6}.AppStore|iPhoneSimulator.ActiveCfg = AppStore|iPhoneSimulator
		{9822763C-525B-440E-941D-565FE79443F6}.AppStore|iPhoneSimulator.Build.0 = AppStore|iPhoneSimulator
		{9822763C-525B-440E-941D-565FE79443F6}.AppStore|x64.ActiveCfg = AppStore|iPhone
		{9822763C-525B-440E-941D-565FE79443F6}.AppStore|x86.ActiveCfg = AppStore|iPhone
		{9822763C-525B-440E-941D-565FE79443F6}.Debug|Any CPU.ActiveCfg = Debug|iPhone
		{9822763C-525B-440E-941D-565FE79443F6}.Debug|ARM.ActiveCfg = Debug|iPhone
		{9822763C-525B-440E-941D-565FE79443F6}.Debug|iPhone.ActiveCfg = Debug|iPhone
		{9822763C-525B-440E-941D-565FE79443F6}.Debug|iPhone.Build.0 = Debug|iPhone
		{9822763C-525B-440E-941D-565FE79443F6}.Debug|iPhoneSimulator.ActiveCfg = Debug|iPhoneSimulator
		{9822763C-525B-440E-941D-565FE79443F6}.Debug|iPhoneSimulator.Build.0 = Debug|iPhoneSimulator
		{9822763C-525B-440E-941D-565FE79443F6}.Debug|x64.ActiveCfg = Debug|iPhone
		{9822763C-525B-440E-941D-565FE79443F6}.Debug|x86.ActiveCfg = Debug|iPhone
		{9822763C-525B-440E-941D-565FE79443F6}.Release|Any CPU.ActiveCfg = Release|iPhone
		{9822763C-525B-440E-941D-565FE79443F6}.Release|ARM.ActiveCfg = Release|iPhone
		{9822763C-525B-440E-941D-565FE79443F6}.Release|iPhone.ActiveCfg = Release|iPhone
		{9822763C-525B-440E-941D-565FE79443F6}.Release|iPhone.Build.0 = Release|iPhone
		{9822763C-525B-440E-941D-565FE79443F6}.Release|iPhoneSimulator.ActiveCfg = Release|iPhoneSimulator
		{9822763C-525B-440E-941D-565FE79443F6}.Release|iPhoneSimulator.Build.0 = Release|iPhoneSimulator
		{9822763C-525B-440E-941D-565FE79443F6}.Release|x64.ActiveCfg = Release|iPhone
		{9822763C-525B-440E-941D-565FE79443F6}.Release|x86.ActiveCfg = Release|iPhone
		{3A235AFD-54BE-42DD-AB0D-BCA5A076C353}.Ad-Hoc|Any CPU.ActiveCfg = Release|Any CPU
		{3A235AFD-54BE-42DD-AB0D-BCA5A076C353}.Ad-Hoc|Any CPU.Build.0 = Release|Any CPU
		{3A235AFD-54BE-42DD-AB0D-BCA5A076C353}.Ad-Hoc|Any CPU.Deploy.0 = Release|Any CPU
		{3A235AFD-54BE-42DD-AB0D-BCA5A076C353}.Ad-Hoc|ARM.ActiveCfg = Release|ARM
		{3A235AFD-54BE-42DD-AB0D-BCA5A076C353}.Ad-Hoc|ARM.Build.0 = Release|ARM
		{3A235AFD-54BE-42DD-AB0D-BCA5A076C353}.Ad-Hoc|ARM.Deploy.0 = Release|ARM
		{3A235AFD-54BE-42DD-AB0D-BCA5A076C353}.Ad-Hoc|iPhone.ActiveCfg = Release|Any CPU
		{3A235AFD-54BE-42DD-AB0D-BCA5A076C353}.Ad-Hoc|iPhone.Build.0 = Release|Any CPU
		{3A235AFD-54BE-42DD-AB0D-BCA5A076C353}.Ad-Hoc|iPhone.Deploy.0 = Release|Any CPU
		{3A235AFD-54BE-42DD-AB0D-BCA5A076C353}.Ad-Hoc|iPhoneSimulator.ActiveCfg = Release|Any CPU
		{3A235AFD-54BE-42DD-AB0D-BCA5A076C353}.Ad-Hoc|iPhoneSimulator.Build.0 = Release|Any CPU
		{3A235AFD-54BE-42DD-AB0D-BCA5A076C353}.Ad-Hoc|iPhoneSimulator.Deploy.0 = Release|Any CPU
		{3A235AFD-54BE-42DD-AB0D-BCA5A076C353}.Ad-Hoc|x64.ActiveCfg = Release|Any CPU
		{3A235AFD-54BE-42DD-AB0D-BCA5A076C353}.Ad-Hoc|x64.Build.0 = Release|Any CPU
		{3A235AFD-54BE-42DD-AB0D-BCA5A076C353}.Ad-Hoc|x64.Deploy.0 = Release|Any CPU
		{3A235AFD-54BE-42DD-AB0D-BCA5A076C353}.Ad-Hoc|x86.ActiveCfg = Release|x86
		{3A235AFD-54BE-42DD-AB0D-BCA5A076C353}.Ad-Hoc|x86.Build.0 = Release|x86
		{3A235AFD-54BE-42DD-AB0D-BCA5A076C353}.Ad-Hoc|x86.Deploy.0 = Release|x86
		{3A235AFD-54BE-42DD-AB0D-BCA5A076C353}.AppStore|Any CPU.ActiveCfg = Release|Any CPU
		{3A235AFD-54BE-42DD-AB0D-BCA5A076C353}.AppStore|Any CPU.Build.0 = Release|Any CPU
		{3A235AFD-54BE-42DD-AB0D-BCA5A076C353}.AppStore|Any CPU.Deploy.0 = Release|Any CPU
		{3A235AFD-54BE-42DD-AB0D-BCA5A076C353}.AppStore|ARM.ActiveCfg = Release|ARM
		{3A235AFD-54BE-42DD-AB0D-BCA5A076C353}.AppStore|ARM.Build.0 = Release|ARM
		{3A235AFD-54BE-42DD-AB0D-BCA5A076C353}.AppStore|ARM.Deploy.0 = Release|ARM
		{3A235AFD-54BE-42DD-AB0D-BCA5A076C353}.AppStore|iPhone.ActiveCfg = Release|Any CPU
		{3A235AFD-54BE-42DD-AB0D-BCA5A076C353}.AppStore|iPhone.Build.0 = Release|Any CPU
		{3A235AFD-54BE-42DD-AB0D-BCA5A076C353}.AppStore|iPhone.Deploy.0 = Release|Any CPU
		{3A235AFD-54BE-42DD-AB0D-BCA5A076C353}.AppStore|iPhoneSimulator.ActiveCfg = Release|Any CPU
		{3A235AFD-54BE-42DD-AB0D-BCA5A076C353}.AppStore|iPhoneSimulator.Build.0 = Release|Any CPU
		{3A235AFD-54BE-42DD-AB0D-BCA5A076C353}.AppStore|iPhoneSimulator.Deploy.0 = Release|Any CPU
		{3A235AFD-54BE-42DD-AB0D-BCA5A076C353}.AppStore|x64.ActiveCfg = Release|Any CPU
		{3A235AFD-54BE-42DD-AB0D-BCA5A076C353}.AppStore|x64.Build.0 = Release|Any CPU
		{3A235AFD-54BE-42DD-AB0D-BCA5A076C353}.AppStore|x64.Deploy.0 = Release|Any CPU
		{3A235AFD-54BE-42DD-AB0D-BCA5A076C353}.AppStore|x86.ActiveCfg = Release|x86
		{3A235AFD-54BE-42DD-AB0D-BCA5A076C353}.AppStore|x86.Build.0 = Release|x86
		{3A235AFD-54BE-42DD-AB0D-BCA5A076C353}.AppStore|x86.Deploy.0 = Release|x86
		{3A235AFD-54BE-42DD-AB0D-BCA5A076C353}.Debug|Any CPU.ActiveCfg = Debug|Any CPU
		{3A235AFD-54BE-42DD-AB0D-BCA5A076C353}.Debug|Any CPU.Build.0 = Debug|Any CPU
		{3A235AFD-54BE-42DD-AB0D-BCA5A076C353}.Debug|Any CPU.Deploy.0 = Debug|Any CPU
		{3A235AFD-54BE-42DD-AB0D-BCA5A076C353}.Debug|ARM.ActiveCfg = Debug|ARM
		{3A235AFD-54BE-42DD-AB0D-BCA5A076C353}.Debug|ARM.Build.0 = Debug|ARM
		{3A235AFD-54BE-42DD-AB0D-BCA5A076C353}.Debug|ARM.Deploy.0 = Debug|ARM
		{3A235AFD-54BE-42DD-AB0D-BCA5A076C353}.Debug|iPhone.ActiveCfg = Debug|Any CPU
		{3A235AFD-54BE-42DD-AB0D-BCA5A076C353}.Debug|iPhone.Build.0 = Debug|Any CPU
		{3A235AFD-54BE-42DD-AB0D-BCA5A076C353}.Debug|iPhone.Deploy.0 = Debug|Any CPU
		{3A235AFD-54BE-42DD-AB0D-BCA5A076C353}.Debug|iPhoneSimulator.ActiveCfg = Debug|Any CPU
		{3A235AFD-54BE-42DD-AB0D-BCA5A076C353}.Debug|iPhoneSimulator.Build.0 = Debug|Any CPU
		{3A235AFD-54BE-42DD-AB0D-BCA5A076C353}.Debug|iPhoneSimulator.Deploy.0 = Debug|Any CPU
		{3A235AFD-54BE-42DD-AB0D-BCA5A076C353}.Debug|x64.ActiveCfg = Debug|Any CPU
		{3A235AFD-54BE-42DD-AB0D-BCA5A076C353}.Debug|x64.Build.0 = Debug|Any CPU
		{3A235AFD-54BE-42DD-AB0D-BCA5A076C353}.Debug|x64.Deploy.0 = Debug|Any CPU
		{3A235AFD-54BE-42DD-AB0D-BCA5A076C353}.Debug|x86.ActiveCfg = Debug|x86
		{3A235AFD-54BE-42DD-AB0D-BCA5A076C353}.Debug|x86.Build.0 = Debug|x86
		{3A235AFD-54BE-42DD-AB0D-BCA5A076C353}.Debug|x86.Deploy.0 = Debug|x86
		{3A235AFD-54BE-42DD-AB0D-BCA5A076C353}.Release|Any CPU.ActiveCfg = Release|Any CPU
		{3A235AFD-54BE-42DD-AB0D-BCA5A076C353}.Release|Any CPU.Build.0 = Release|Any CPU
		{3A235AFD-54BE-42DD-AB0D-BCA5A076C353}.Release|Any CPU.Deploy.0 = Release|Any CPU
		{3A235AFD-54BE-42DD-AB0D-BCA5A076C353}.Release|ARM.ActiveCfg = Release|ARM
		{3A235AFD-54BE-42DD-AB0D-BCA5A076C353}.Release|ARM.Build.0 = Release|ARM
		{3A235AFD-54BE-42DD-AB0D-BCA5A076C353}.Release|ARM.Deploy.0 = Release|ARM
		{3A235AFD-54BE-42DD-AB0D-BCA5A076C353}.Release|iPhone.ActiveCfg = Release|Any CPU
		{3A235AFD-54BE-42DD-AB0D-BCA5A076C353}.Release|iPhone.Build.0 = Release|Any CPU
		{3A235AFD-54BE-42DD-AB0D-BCA5A076C353}.Release|iPhone.Deploy.0 = Release|Any CPU
		{3A235AFD-54BE-42DD-AB0D-BCA5A076C353}.Release|iPhoneSimulator.ActiveCfg = Release|Any CPU
		{3A235AFD-54BE-42DD-AB0D-BCA5A076C353}.Release|iPhoneSimulator.Build.0 = Release|Any CPU
		{3A235AFD-54BE-42DD-AB0D-BCA5A076C353}.Release|iPhoneSimulator.Deploy.0 = Release|Any CPU
		{3A235AFD-54BE-42DD-AB0D-BCA5A076C353}.Release|x64.ActiveCfg = Release|Any CPU
		{3A235AFD-54BE-42DD-AB0D-BCA5A076C353}.Release|x64.Build.0 = Release|Any CPU
		{3A235AFD-54BE-42DD-AB0D-BCA5A076C353}.Release|x64.Deploy.0 = Release|Any CPU
		{3A235AFD-54BE-42DD-AB0D-BCA5A076C353}.Release|x86.ActiveCfg = Release|x86
		{3A235AFD-54BE-42DD-AB0D-BCA5A076C353}.Release|x86.Build.0 = Release|x86
		{3A235AFD-54BE-42DD-AB0D-BCA5A076C353}.Release|x86.Deploy.0 = Release|x86
		{1DB15462-AB0E-48E7-8EE8-D3883600FBE9}.Ad-Hoc|Any CPU.ActiveCfg = Release|x86
		{1DB15462-AB0E-48E7-8EE8-D3883600FBE9}.Ad-Hoc|Any CPU.Build.0 = Release|x86
		{1DB15462-AB0E-48E7-8EE8-D3883600FBE9}.Ad-Hoc|Any CPU.Deploy.0 = Release|x86
		{1DB15462-AB0E-48E7-8EE8-D3883600FBE9}.Ad-Hoc|ARM.ActiveCfg = Release|ARM
		{1DB15462-AB0E-48E7-8EE8-D3883600FBE9}.Ad-Hoc|ARM.Build.0 = Release|ARM
		{1DB15462-AB0E-48E7-8EE8-D3883600FBE9}.Ad-Hoc|ARM.Deploy.0 = Release|ARM
		{1DB15462-AB0E-48E7-8EE8-D3883600FBE9}.Ad-Hoc|iPhone.ActiveCfg = Release|x86
		{1DB15462-AB0E-48E7-8EE8-D3883600FBE9}.Ad-Hoc|iPhone.Build.0 = Release|x86
		{1DB15462-AB0E-48E7-8EE8-D3883600FBE9}.Ad-Hoc|iPhone.Deploy.0 = Release|x86
		{1DB15462-AB0E-48E7-8EE8-D3883600FBE9}.Ad-Hoc|iPhoneSimulator.ActiveCfg = Release|x86
		{1DB15462-AB0E-48E7-8EE8-D3883600FBE9}.Ad-Hoc|iPhoneSimulator.Build.0 = Release|x86
		{1DB15462-AB0E-48E7-8EE8-D3883600FBE9}.Ad-Hoc|iPhoneSimulator.Deploy.0 = Release|x86
		{1DB15462-AB0E-48E7-8EE8-D3883600FBE9}.Ad-Hoc|x64.ActiveCfg = Release|x64
		{1DB15462-AB0E-48E7-8EE8-D3883600FBE9}.Ad-Hoc|x64.Build.0 = Release|x64
		{1DB15462-AB0E-48E7-8EE8-D3883600FBE9}.Ad-Hoc|x64.Deploy.0 = Release|x64
		{1DB15462-AB0E-48E7-8EE8-D3883600FBE9}.Ad-Hoc|x86.ActiveCfg = Release|x86
		{1DB15462-AB0E-48E7-8EE8-D3883600FBE9}.Ad-Hoc|x86.Build.0 = Release|x86
		{1DB15462-AB0E-48E7-8EE8-D3883600FBE9}.Ad-Hoc|x86.Deploy.0 = Release|x86
		{1DB15462-AB0E-48E7-8EE8-D3883600FBE9}.AppStore|Any CPU.ActiveCfg = Release|x86
		{1DB15462-AB0E-48E7-8EE8-D3883600FBE9}.AppStore|Any CPU.Build.0 = Release|x86
		{1DB15462-AB0E-48E7-8EE8-D3883600FBE9}.AppStore|Any CPU.Deploy.0 = Release|x86
		{1DB15462-AB0E-48E7-8EE8-D3883600FBE9}.AppStore|ARM.ActiveCfg = Release|ARM
		{1DB15462-AB0E-48E7-8EE8-D3883600FBE9}.AppStore|ARM.Build.0 = Release|ARM
		{1DB15462-AB0E-48E7-8EE8-D3883600FBE9}.AppStore|ARM.Deploy.0 = Release|ARM
		{1DB15462-AB0E-48E7-8EE8-D3883600FBE9}.AppStore|iPhone.ActiveCfg = Release|x86
		{1DB15462-AB0E-48E7-8EE8-D3883600FBE9}.AppStore|iPhone.Build.0 = Release|x86
		{1DB15462-AB0E-48E7-8EE8-D3883600FBE9}.AppStore|iPhone.Deploy.0 = Release|x86
		{1DB15462-AB0E-48E7-8EE8-D3883600FBE9}.AppStore|iPhoneSimulator.ActiveCfg = Release|x86
		{1DB15462-AB0E-48E7-8EE8-D3883600FBE9}.AppStore|iPhoneSimulator.Build.0 = Release|x86
		{1DB15462-AB0E-48E7-8EE8-D3883600FBE9}.AppStore|iPhoneSimulator.Deploy.0 = Release|x86
		{1DB15462-AB0E-48E7-8EE8-D3883600FBE9}.AppStore|x64.ActiveCfg = Release|x64
		{1DB15462-AB0E-48E7-8EE8-D3883600FBE9}.AppStore|x64.Build.0 = Release|x64
		{1DB15462-AB0E-48E7-8EE8-D3883600FBE9}.AppStore|x64.Deploy.0 = Release|x64
		{1DB15462-AB0E-48E7-8EE8-D3883600FBE9}.AppStore|x86.ActiveCfg = Release|x86
		{1DB15462-AB0E-48E7-8EE8-D3883600FBE9}.AppStore|x86.Build.0 = Release|x86
		{1DB15462-AB0E-48E7-8EE8-D3883600FBE9}.AppStore|x86.Deploy.0 = Release|x86
		{1DB15462-AB0E-48E7-8EE8-D3883600FBE9}.Debug|Any CPU.ActiveCfg = Debug|x86
		{1DB15462-AB0E-48E7-8EE8-D3883600FBE9}.Debug|ARM.ActiveCfg = Debug|ARM
		{1DB15462-AB0E-48E7-8EE8-D3883600FBE9}.Debug|ARM.Build.0 = Debug|ARM
		{1DB15462-AB0E-48E7-8EE8-D3883600FBE9}.Debug|ARM.Deploy.0 = Debug|ARM
		{1DB15462-AB0E-48E7-8EE8-D3883600FBE9}.Debug|iPhone.ActiveCfg = Debug|x86
		{1DB15462-AB0E-48E7-8EE8-D3883600FBE9}.Debug|iPhoneSimulator.ActiveCfg = Debug|x86
		{1DB15462-AB0E-48E7-8EE8-D3883600FBE9}.Debug|x64.ActiveCfg = Debug|x64
		{1DB15462-AB0E-48E7-8EE8-D3883600FBE9}.Debug|x64.Build.0 = Debug|x64
		{1DB15462-AB0E-48E7-8EE8-D3883600FBE9}.Debug|x64.Deploy.0 = Debug|x64
		{1DB15462-AB0E-48E7-8EE8-D3883600FBE9}.Debug|x86.ActiveCfg = Debug|x86
		{1DB15462-AB0E-48E7-8EE8-D3883600FBE9}.Debug|x86.Build.0 = Debug|x86
		{1DB15462-AB0E-48E7-8EE8-D3883600FBE9}.Debug|x86.Deploy.0 = Debug|x86
		{1DB15462-AB0E-48E7-8EE8-D3883600FBE9}.Release|Any CPU.ActiveCfg = Release|x86
		{1DB15462-AB0E-48E7-8EE8-D3883600FBE9}.Release|ARM.ActiveCfg = Release|ARM
		{1DB15462-AB0E-48E7-8EE8-D3883600FBE9}.Release|ARM.Build.0 = Release|ARM
		{1DB15462-AB0E-48E7-8EE8-D3883600FBE9}.Release|ARM.Deploy.0 = Release|ARM
		{1DB15462-AB0E-48E7-8EE8-D3883600FBE9}.Release|iPhone.ActiveCfg = Release|x86
		{1DB15462-AB0E-48E7-8EE8-D3883600FBE9}.Release|iPhoneSimulator.ActiveCfg = Release|x86
		{1DB15462-AB0E-48E7-8EE8-D3883600FBE9}.Release|x64.ActiveCfg = Release|x64
		{1DB15462-AB0E-48E7-8EE8-D3883600FBE9}.Release|x64.Build.0 = Release|x64
		{1DB15462-AB0E-48E7-8EE8-D3883600FBE9}.Release|x64.Deploy.0 = Release|x64
		{1DB15462-AB0E-48E7-8EE8-D3883600FBE9}.Release|x86.ActiveCfg = Release|x86
		{1DB15462-AB0E-48E7-8EE8-D3883600FBE9}.Release|x86.Build.0 = Release|x86
		{1DB15462-AB0E-48E7-8EE8-D3883600FBE9}.Release|x86.Deploy.0 = Release|x86
		{649EA836-3071-4561-8F76-CE384C6C0E20}.Ad-Hoc|Any CPU.ActiveCfg = Release|Any CPU
		{649EA836-3071-4561-8F76-CE384C6C0E20}.Ad-Hoc|Any CPU.Build.0 = Release|Any CPU
		{649EA836-3071-4561-8F76-CE384C6C0E20}.Ad-Hoc|Any CPU.Deploy.0 = Release|Any CPU
		{649EA836-3071-4561-8F76-CE384C6C0E20}.Ad-Hoc|ARM.ActiveCfg = Release|ARM
		{649EA836-3071-4561-8F76-CE384C6C0E20}.Ad-Hoc|ARM.Build.0 = Release|ARM
		{649EA836-3071-4561-8F76-CE384C6C0E20}.Ad-Hoc|ARM.Deploy.0 = Release|ARM
		{649EA836-3071-4561-8F76-CE384C6C0E20}.Ad-Hoc|iPhone.ActiveCfg = Release|Any CPU
		{649EA836-3071-4561-8F76-CE384C6C0E20}.Ad-Hoc|iPhone.Build.0 = Release|Any CPU
		{649EA836-3071-4561-8F76-CE384C6C0E20}.Ad-Hoc|iPhone.Deploy.0 = Release|Any CPU
		{649EA836-3071-4561-8F76-CE384C6C0E20}.Ad-Hoc|iPhoneSimulator.ActiveCfg = Release|Any CPU
		{649EA836-3071-4561-8F76-CE384C6C0E20}.Ad-Hoc|iPhoneSimulator.Build.0 = Release|Any CPU
		{649EA836-3071-4561-8F76-CE384C6C0E20}.Ad-Hoc|iPhoneSimulator.Deploy.0 = Release|Any CPU
		{649EA836-3071-4561-8F76-CE384C6C0E20}.Ad-Hoc|x64.ActiveCfg = Release|x64
		{649EA836-3071-4561-8F76-CE384C6C0E20}.Ad-Hoc|x64.Build.0 = Release|x64
		{649EA836-3071-4561-8F76-CE384C6C0E20}.Ad-Hoc|x64.Deploy.0 = Release|x64
		{649EA836-3071-4561-8F76-CE384C6C0E20}.Ad-Hoc|x86.ActiveCfg = Release|x86
		{649EA836-3071-4561-8F76-CE384C6C0E20}.Ad-Hoc|x86.Build.0 = Release|x86
		{649EA836-3071-4561-8F76-CE384C6C0E20}.Ad-Hoc|x86.Deploy.0 = Release|x86
		{649EA836-3071-4561-8F76-CE384C6C0E20}.AppStore|Any CPU.ActiveCfg = Release|Any CPU
		{649EA836-3071-4561-8F76-CE384C6C0E20}.AppStore|Any CPU.Build.0 = Release|Any CPU
		{649EA836-3071-4561-8F76-CE384C6C0E20}.AppStore|Any CPU.Deploy.0 = Release|Any CPU
		{649EA836-3071-4561-8F76-CE384C6C0E20}.AppStore|ARM.ActiveCfg = Release|ARM
		{649EA836-3071-4561-8F76-CE384C6C0E20}.AppStore|ARM.Build.0 = Release|ARM
		{649EA836-3071-4561-8F76-CE384C6C0E20}.AppStore|ARM.Deploy.0 = Release|ARM
		{649EA836-3071-4561-8F76-CE384C6C0E20}.AppStore|iPhone.ActiveCfg = Release|Any CPU
		{649EA836-3071-4561-8F76-CE384C6C0E20}.AppStore|iPhone.Build.0 = Release|Any CPU
		{649EA836-3071-4561-8F76-CE384C6C0E20}.AppStore|iPhone.Deploy.0 = Release|Any CPU
		{649EA836-3071-4561-8F76-CE384C6C0E20}.AppStore|iPhoneSimulator.ActiveCfg = Release|Any CPU
		{649EA836-3071-4561-8F76-CE384C6C0E20}.AppStore|iPhoneSimulator.Build.0 = Release|Any CPU
		{649EA836-3071-4561-8F76-CE384C6C0E20}.AppStore|iPhoneSimulator.Deploy.0 = Release|Any CPU
		{649EA836-3071-4561-8F76-CE384C6C0E20}.AppStore|x64.ActiveCfg = Release|x64
		{649EA836-3071-4561-8F76-CE384C6C0E20}.AppStore|x64.Build.0 = Release|x64
		{649EA836-3071-4561-8F76-CE384C6C0E20}.AppStore|x64.Deploy.0 = Release|x64
		{649EA836-3071-4561-8F76-CE384C6C0E20}.AppStore|x86.ActiveCfg = Release|x86
		{649EA836-3071-4561-8F76-CE384C6C0E20}.AppStore|x86.Build.0 = Release|x86
		{649EA836-3071-4561-8F76-CE384C6C0E20}.AppStore|x86.Deploy.0 = Release|x86
		{649EA836-3071-4561-8F76-CE384C6C0E20}.Debug|Any CPU.ActiveCfg = Debug|Any CPU
		{649EA836-3071-4561-8F76-CE384C6C0E20}.Debug|Any CPU.Build.0 = Debug|Any CPU
		{649EA836-3071-4561-8F76-CE384C6C0E20}.Debug|Any CPU.Deploy.0 = Debug|Any CPU
		{649EA836-3071-4561-8F76-CE384C6C0E20}.Debug|ARM.ActiveCfg = Debug|ARM
		{649EA836-3071-4561-8F76-CE384C6C0E20}.Debug|ARM.Build.0 = Debug|ARM
		{649EA836-3071-4561-8F76-CE384C6C0E20}.Debug|ARM.Deploy.0 = Debug|ARM
		{649EA836-3071-4561-8F76-CE384C6C0E20}.Debug|iPhone.ActiveCfg = Debug|Any CPU
		{649EA836-3071-4561-8F76-CE384C6C0E20}.Debug|iPhone.Build.0 = Debug|Any CPU
		{649EA836-3071-4561-8F76-CE384C6C0E20}.Debug|iPhone.Deploy.0 = Debug|Any CPU
		{649EA836-3071-4561-8F76-CE384C6C0E20}.Debug|iPhoneSimulator.ActiveCfg = Debug|Any CPU
		{649EA836-3071-4561-8F76-CE384C6C0E20}.Debug|iPhoneSimulator.Build.0 = Debug|Any CPU
		{649EA836-3071-4561-8F76-CE384C6C0E20}.Debug|iPhoneSimulator.Deploy.0 = Debug|Any CPU
		{649EA836-3071-4561-8F76-CE384C6C0E20}.Debug|x64.ActiveCfg = Debug|x64
		{649EA836-3071-4561-8F76-CE384C6C0E20}.Debug|x64.Build.0 = Debug|x64
		{649EA836-3071-4561-8F76-CE384C6C0E20}.Debug|x64.Deploy.0 = Debug|x64
		{649EA836-3071-4561-8F76-CE384C6C0E20}.Debug|x86.ActiveCfg = Debug|x86
		{649EA836-3071-4561-8F76-CE384C6C0E20}.Debug|x86.Build.0 = Debug|x86
		{649EA836-3071-4561-8F76-CE384C6C0E20}.Debug|x86.Deploy.0 = Debug|x86
		{649EA836-3071-4561-8F76-CE384C6C0E20}.Release|Any CPU.ActiveCfg = Release|Any CPU
		{649EA836-3071-4561-8F76-CE384C6C0E20}.Release|Any CPU.Build.0 = Release|Any CPU
		{649EA836-3071-4561-8F76-CE384C6C0E20}.Release|Any CPU.Deploy.0 = Release|Any CPU
		{649EA836-3071-4561-8F76-CE384C6C0E20}.Release|ARM.ActiveCfg = Release|ARM
		{649EA836-3071-4561-8F76-CE384C6C0E20}.Release|ARM.Build.0 = Release|ARM
		{649EA836-3071-4561-8F76-CE384C6C0E20}.Release|ARM.Deploy.0 = Release|ARM
		{649EA836-3071-4561-8F76-CE384C6C0E20}.Release|iPhone.ActiveCfg = Release|Any CPU
		{649EA836-3071-4561-8F76-CE384C6C0E20}.Release|iPhone.Build.0 = Release|Any CPU
		{649EA836-3071-4561-8F76-CE384C6C0E20}.Release|iPhone.Deploy.0 = Release|Any CPU
		{649EA836-3071-4561-8F76-CE384C6C0E20}.Release|iPhoneSimulator.ActiveCfg = Release|Any CPU
		{649EA836-3071-4561-8F76-CE384C6C0E20}.Release|iPhoneSimulator.Build.0 = Release|Any CPU
		{649EA836-3071-4561-8F76-CE384C6C0E20}.Release|iPhoneSimulator.Deploy.0 = Release|Any CPU
		{649EA836-3071-4561-8F76-CE384C6C0E20}.Release|x64.ActiveCfg = Release|x64
		{649EA836-3071-4561-8F76-CE384C6C0E20}.Release|x64.Build.0 = Release|x64
		{649EA836-3071-4561-8F76-CE384C6C0E20}.Release|x64.Deploy.0 = Release|x64
		{649EA836-3071-4561-8F76-CE384C6C0E20}.Release|x86.ActiveCfg = Release|x86
		{649EA836-3071-4561-8F76-CE384C6C0E20}.Release|x86.Build.0 = Release|x86
		{649EA836-3071-4561-8F76-CE384C6C0E20}.Release|x86.Deploy.0 = Release|x86
		{9142FFC6-78CA-41CB-914C-814384C0DA76}.Ad-Hoc|Any CPU.ActiveCfg = Release|Any CPU
		{9142FFC6-78CA-41CB-914C-814384C0DA76}.Ad-Hoc|Any CPU.Build.0 = Release|Any CPU
		{9142FFC6-78CA-41CB-914C-814384C0DA76}.Ad-Hoc|ARM.ActiveCfg = Release|Any CPU
		{9142FFC6-78CA-41CB-914C-814384C0DA76}.Ad-Hoc|ARM.Build.0 = Release|Any CPU
		{9142FFC6-78CA-41CB-914C-814384C0DA76}.Ad-Hoc|iPhone.ActiveCfg = Release|Any CPU
		{9142FFC6-78CA-41CB-914C-814384C0DA76}.Ad-Hoc|iPhone.Build.0 = Release|Any CPU
		{9142FFC6-78CA-41CB-914C-814384C0DA76}.Ad-Hoc|iPhoneSimulator.ActiveCfg = Release|Any CPU
		{9142FFC6-78CA-41CB-914C-814384C0DA76}.Ad-Hoc|iPhoneSimulator.Build.0 = Release|Any CPU
		{9142FFC6-78CA-41CB-914C-814384C0DA76}.Ad-Hoc|x64.ActiveCfg = Release|Any CPU
		{9142FFC6-78CA-41CB-914C-814384C0DA76}.Ad-Hoc|x64.Build.0 = Release|Any CPU
		{9142FFC6-78CA-41CB-914C-814384C0DA76}.Ad-Hoc|x86.ActiveCfg = Release|Any CPU
		{9142FFC6-78CA-41CB-914C-814384C0DA76}.Ad-Hoc|x86.Build.0 = Release|Any CPU
		{9142FFC6-78CA-41CB-914C-814384C0DA76}.AppStore|Any CPU.ActiveCfg = Release|Any CPU
		{9142FFC6-78CA-41CB-914C-814384C0DA76}.AppStore|Any CPU.Build.0 = Release|Any CPU
		{9142FFC6-78CA-41CB-914C-814384C0DA76}.AppStore|ARM.ActiveCfg = Release|Any CPU
		{9142FFC6-78CA-41CB-914C-814384C0DA76}.AppStore|ARM.Build.0 = Release|Any CPU
		{9142FFC6-78CA-41CB-914C-814384C0DA76}.AppStore|iPhone.ActiveCfg = Release|Any CPU
		{9142FFC6-78CA-41CB-914C-814384C0DA76}.AppStore|iPhone.Build.0 = Release|Any CPU
		{9142FFC6-78CA-41CB-914C-814384C0DA76}.AppStore|iPhoneSimulator.ActiveCfg = Release|Any CPU
		{9142FFC6-78CA-41CB-914C-814384C0DA76}.AppStore|iPhoneSimulator.Build.0 = Release|Any CPU
		{9142FFC6-78CA-41CB-914C-814384C0DA76}.AppStore|x64.ActiveCfg = Release|Any CPU
		{9142FFC6-78CA-41CB-914C-814384C0DA76}.AppStore|x64.Build.0 = Release|Any CPU
		{9142FFC6-78CA-41CB-914C-814384C0DA76}.AppStore|x86.ActiveCfg = Release|Any CPU
		{9142FFC6-78CA-41CB-914C-814384C0DA76}.AppStore|x86.Build.0 = Release|Any CPU
		{9142FFC6-78CA-41CB-914C-814384C0DA76}.Debug|Any CPU.ActiveCfg = Debug|Any CPU
		{9142FFC6-78CA-41CB-914C-814384C0DA76}.Debug|Any CPU.Build.0 = Debug|Any CPU
		{9142FFC6-78CA-41CB-914C-814384C0DA76}.Debug|ARM.ActiveCfg = Debug|Any CPU
		{9142FFC6-78CA-41CB-914C-814384C0DA76}.Debug|ARM.Build.0 = Debug|Any CPU
		{9142FFC6-78CA-41CB-914C-814384C0DA76}.Debug|iPhone.ActiveCfg = Debug|Any CPU
		{9142FFC6-78CA-41CB-914C-814384C0DA76}.Debug|iPhone.Build.0 = Debug|Any CPU
		{9142FFC6-78CA-41CB-914C-814384C0DA76}.Debug|iPhoneSimulator.ActiveCfg = Debug|Any CPU
		{9142FFC6-78CA-41CB-914C-814384C0DA76}.Debug|iPhoneSimulator.Build.0 = Debug|Any CPU
		{9142FFC6-78CA-41CB-914C-814384C0DA76}.Debug|x64.ActiveCfg = Debug|Any CPU
		{9142FFC6-78CA-41CB-914C-814384C0DA76}.Debug|x64.Build.0 = Debug|Any CPU
		{9142FFC6-78CA-41CB-914C-814384C0DA76}.Debug|x86.ActiveCfg = Debug|Any CPU
		{9142FFC6-78CA-41CB-914C-814384C0DA76}.Debug|x86.Build.0 = Debug|Any CPU
		{9142FFC6-78CA-41CB-914C-814384C0DA76}.Release|Any CPU.ActiveCfg = Release|Any CPU
		{9142FFC6-78CA-41CB-914C-814384C0DA76}.Release|Any CPU.Build.0 = Release|Any CPU
		{9142FFC6-78CA-41CB-914C-814384C0DA76}.Release|ARM.ActiveCfg = Release|Any CPU
		{9142FFC6-78CA-41CB-914C-814384C0DA76}.Release|ARM.Build.0 = Release|Any CPU
		{9142FFC6-78CA-41CB-914C-814384C0DA76}.Release|iPhone.ActiveCfg = Release|Any CPU
		{9142FFC6-78CA-41CB-914C-814384C0DA76}.Release|iPhone.Build.0 = Release|Any CPU
		{9142FFC6-78CA-41CB-914C-814384C0DA76}.Release|iPhoneSimulator.ActiveCfg = Release|Any CPU
		{9142FFC6-78CA-41CB-914C-814384C0DA76}.Release|iPhoneSimulator.Build.0 = Release|Any CPU
		{9142FFC6-78CA-41CB-914C-814384C0DA76}.Release|x64.ActiveCfg = Release|Any CPU
		{9142FFC6-78CA-41CB-914C-814384C0DA76}.Release|x64.Build.0 = Release|Any CPU
		{9142FFC6-78CA-41CB-914C-814384C0DA76}.Release|x86.ActiveCfg = Release|Any CPU
		{9142FFC6-78CA-41CB-914C-814384C0DA76}.Release|x86.Build.0 = Release|Any CPU
	EndGlobalSection
	GlobalSection(SolutionProperties) = preSolution
		HideSolutionNode = FALSE
	EndGlobalSection
EndGlobal
